
Microsoft Visual Studio Solution File, Format Version 12.00
# Visual Studio Version 16
VisualStudioVersion = 16.0.29911.84
MinimumVisualStudioVersion = 10.0.40219.1
Project("{FAE04EC0-301F-11D3-BF4B-00C04F79EFBC}") = "AsyncRequestReplyPattern", "AsyncRequestReplyPattern\AsyncRequestReplyPattern.csproj", "{D4BFA15C-BD38-4981-A2BE-BA727FB3256B}"
EndProject
Global
	GlobalSection(SolutionConfigurationPlatforms) = preSolution
		Debug|Any CPU = Debug|Any CPU
		Release|Any CPU = Release|Any CPU
	EndGlobalSection
	GlobalSection(ProjectConfigurationPlatforms) = postSolution
		{D4BFA15C-BD38-4981-A2BE-BA727FB3256B}.Debug|Any CPU.ActiveCfg = Debug|Any CPU
		{D4BFA15C-BD38-4981-A2BE-BA727FB3256B}.Debug|Any CPU.Build.0 = Debug|Any CPU
		{D4BFA15C-BD38-4981-A2BE-BA727FB3256B}.Release|Any CPU.ActiveCfg = Release|Any CPU
		{D4BFA15C-BD38-4981-A2BE-BA727FB3256B}.Release|Any CPU.Build.0 = Release|Any CPU
	EndGlobalSection
	GlobalSection(SolutionProperties) = preSolution
		HideSolutionNode = FALSE
	EndGlobalSection
	GlobalSection(ExtensibilityGlobals) = postSolution
		SolutionGuid = {FB247373-5265-4BB4-B01C-7839C6DF42D6}
	EndGlobalSection
EndGlobal
